{
  "name": "@decodeuk/vdo-vue",
  "version": "0.1.0",
  "lockfileVersion": 1,
  "requires": true,
  "dependencies": {
    "@decodeuk/vdo-client": {
      "version": "0.1.0",
      "resolved": "https://registry.npmjs.org/@decodeuk/vdo-client/-/vdo-client-0.1.0.tgz",
      "integrity": "sha512-nMFTVrhv9emr6XUdsTBMtHTuO1G8A6oyJFxcMCvEI0AagLW6uQXzEbCh6gSJRerxQf8zNEysUmXPr2ivoKF0cQ==",
      "dev": true,
      "requires": {
        "@opentok/client": "^2.17.1"
      }
    },
    "@opentok/client": {
      "version": "2.17.1",
      "resolved": "https://registry.npmjs.org/@opentok/client/-/client-2.17.1.tgz",
      "integrity": "sha512-yQMKMhCS43XDJDUlidjsu5mdLT31R+zvJT2I2DCQJ7753OZ4aYIqDauU7VHODXUmrkvt48Ex7OV7EHGcw1bm8w==",
      "dev": true
    }
  }
}
